<?xml version="1.0" encoding="utf-8"?>
<Project ToolsVersion="4.0" xmlns="http://schemas.microsoft.com/developer/msbuild/2003">
  <ItemGroup>
    <ClCompile Include="Render\Camera.cpp">
      <Filter>Render</Filter>
    </ClCompile>
    <ClCompile Include="Render\Render.cpp">
      <Filter>Render</Filter>
    </ClCompile>
    <ClCompile Include="callbacks.cpp">
      <Filter>cpp</Filter>
    </ClCompile>
    <ClCompile Include="main.cpp">
      <Filter>cpp</Filter>
    </ClCompile>
    <ClCompile Include="Particle.cpp">
      <Filter>cpp</Filter>
    </ClCompile>
    <ClCompile Include="RenderUtils.cpp">
      <Filter>cpp</Filter>
    </ClCompile>
    <ClCompile Include="Vector3D.cpp">
      <Filter>cpp</Filter>
    </ClCompile>
    <ClCompile Include="Proyectil.cpp">
      <Filter>cpp</Filter>
    </ClCompile>
    <ClCompile Include="Scene.cpp">
      <Filter>cpp</Filter>
    </ClCompile>
    <ClCompile Include="ParticleSystem.cpp">
      <Filter>cpp</Filter>
    </ClCompile>
    <ClCompile Include="ParticleGenerator.cpp">
      <Filter>cpp</Filter>
    </ClCompile>
    <ClCompile Include="FuenteGenerator.cpp">
      <Filter>cpp\Generadores</Filter>
    </ClCompile>
    <ClCompile Include="FuegosArtificialesGenerator.cpp">
      <Filter>cpp\Generadores</Filter>
    </ClCompile>
    <ClCompile Include="HumoGenerator.cpp">
      <Filter>cpp\Generadores</Filter>
    </ClCompile>
    <ClCompile Include="ParticleSystemFuente.cpp">
      <Filter>cpp\Sistemas</Filter>
    </ClCompile>
    <ClCompile Include="ParticleSystemHumo.cpp">
      <Filter>cpp\Sistemas</Filter>
    </ClCompile>
    <ClCompile Include="ParticleSystemFuegosArt.cpp">
      <Filter>cpp\Sistemas</Filter>
    </ClCompile>
  </ItemGroup>
  <ItemGroup>
    <ClInclude Include="Render\Camera.h">
      <Filter>Render</Filter>
    </ClInclude>
    <ClInclude Include="Render\Render.h">
      <Filter>Render</Filter>
    </ClInclude>
    <ClInclude Include="callbacks.hpp">
      <Filter>h</Filter>
    </ClInclude>
    <ClInclude Include="core.hpp">
      <Filter>h</Filter>
    </ClInclude>
    <ClInclude Include="Particle.h">
      <Filter>h</Filter>
    </ClInclude>
    <ClInclude Include="RenderUtils.hpp">
      <Filter>h</Filter>
    </ClInclude>
    <ClInclude Include="Vector3D.h">
      <Filter>h</Filter>
    </ClInclude>
    <ClInclude Include="Proyectil.h">
      <Filter>h</Filter>
    </ClInclude>
    <ClInclude Include="Scene.h">
      <Filter>h</Filter>
    </ClInclude>
    <ClInclude Include="ParticleSystem.h">
      <Filter>h</Filter>
    </ClInclude>
    <ClInclude Include="ParticleGenerator.h">
      <Filter>h</Filter>
    </ClInclude>
    <ClInclude Include="FuenteGenerator.h">
      <Filter>h\Generadores</Filter>
    </ClInclude>
    <ClInclude Include="FuegosArtificialesGenerator.h">
      <Filter>h\Generadores</Filter>
    </ClInclude>
    <ClInclude Include="HumoGenerator.h">
      <Filter>h\Generadores</Filter>
    </ClInclude>
    <ClInclude Include="ParticleSystemFuente.h">
      <Filter>h\Sistemas</Filter>
    </ClInclude>
    <ClInclude Include="ParticleSystemHumo.h">
      <Filter>h\Sistemas</Filter>
    </ClInclude>
    <ClInclude Include="ParticleSystemFuegosArt.h">
      <Filter>h\Sistemas</Filter>
    </ClInclude>
  </ItemGroup>
  <ItemGroup>
    <Filter Include="Render">
      <UniqueIdentifier>{d04b4f9f-5a69-465e-8070-25c6d0bcd3c2}</UniqueIdentifier>
    </Filter>
    <Filter Include="cpp">
      <UniqueIdentifier>{fa10e8b0-f29d-4de5-bbd0-0a03c1e70d5a}</UniqueIdentifier>
    </Filter>
    <Filter Include="h">
      <UniqueIdentifier>{ba19da9b-3524-422a-9092-acdb06216c55}</UniqueIdentifier>
    </Filter>
    <Filter Include="h\Generadores">
      <UniqueIdentifier>{8c8730b2-0fba-4f9f-a866-c9e8071d62be}</UniqueIdentifier>
    </Filter>
    <Filter Include="cpp\Generadores">
      <UniqueIdentifier>{6218cf6d-aafa-4de2-ae45-12cdd5685953}</UniqueIdentifier>
    </Filter>
    <Filter Include="h\Sistemas">
      <UniqueIdentifier>{a9cde469-89af-436a-86b5-9237382c5f04}</UniqueIdentifier>
    </Filter>
    <Filter Include="cpp\Sistemas">
      <UniqueIdentifier>{85731f64-0527-41bd-b4c9-4017dd461a52}</UniqueIdentifier>
    </Filter>
  </ItemGroup>
</Project>