<?xml version="1.0" encoding="utf-8"?>
<Project ToolsVersion="4.0" xmlns="http://schemas.microsoft.com/developer/msbuild/2003">
  <ItemGroup>
    <ClCompile Include="Render\Camera.cpp">
      <Filter>Render</Filter>
    </ClCompile>
    <ClCompile Include="Render\Render.cpp">
      <Filter>Render</Filter>
    </ClCompile>
    <ClCompile Include="Particle.cpp">
      <Filter>cpp</Filter>
    </ClCompile>
    <ClCompile Include="Proyectil.cpp">
      <Filter>cpp</Filter>
    </ClCompile>
    <ClCompile Include="Scene.cpp">
      <Filter>cpp</Filter>
    </ClCompile>
    <ClCompile Include="ParticleSystem.cpp">
      <Filter>cpp</Filter>
    </ClCompile>
    <ClCompile Include="ParticleGenerator.cpp">
      <Filter>cpp</Filter>
    </ClCompile>
    <ClCompile Include="FuenteGenerator.cpp">
      <Filter>cpp\Generadores</Filter>
    </ClCompile>
    <ClCompile Include="FuegosArtificialesGenerator.cpp">
      <Filter>cpp\Generadores</Filter>
    </ClCompile>
    <ClCompile Include="HumoGenerator.cpp">
      <Filter>cpp\Generadores</Filter>
    </ClCompile>
    <ClCompile Include="ParticleSystemFuente.cpp">
      <Filter>cpp\Sistemas</Filter>
    </ClCompile>
    <ClCompile Include="ParticleSystemHumo.cpp">
      <Filter>cpp\Sistemas</Filter>
    </ClCompile>
    <ClCompile Include="ParticleSystemFuegosArt.cpp">
      <Filter>cpp\Sistemas</Filter>
    </ClCompile>
    <ClCompile Include="OriginFuegoGenerator.cpp">
      <Filter>cpp\Generadores</Filter>
    </ClCompile>
    <ClCompile Include="GameMachine.cpp">
      <Filter>cpp</Filter>
    </ClCompile>
    <ClCompile Include="ParticleScene.cpp">
      <Filter>cpp\Escenas</Filter>
    </ClCompile>
    <ClCompile Include="ForcesScene.cpp">
      <Filter>cpp\Escenas</Filter>
    </ClCompile>
    <ClCompile Include="ForceGenerator.cpp">
      <Filter>cpp</Filter>
    </ClCompile>
    <ClCompile Include="VientoGenerator.cpp">
      <Filter>cpp\Fuerzas</Filter>
    </ClCompile>
    <ClCompile Include="callbacks.cpp">
      <Filter>cpp\basics</Filter>
    </ClCompile>
    <ClCompile Include="main.cpp">
      <Filter>cpp\basics</Filter>
    </ClCompile>
    <ClCompile Include="RenderUtils.cpp">
      <Filter>cpp\basics</Filter>
    </ClCompile>
    <ClCompile Include="Vector3D.cpp">
      <Filter>cpp\basics</Filter>
    </ClCompile>
    <ClCompile Include="TorbellinoGenerator.cpp">
      <Filter>cpp\Fuerzas</Filter>
    </ClCompile>
    <ClCompile Include="ExplosionGenerator.cpp">
      <Filter>cpp\Fuerzas</Filter>
    </ClCompile>
    <ClCompile Include="ExplosionScene.cpp">
      <Filter>cpp\Escenas</Filter>
    </ClCompile>
    <ClCompile Include="TorbellinoScene.cpp">
      <Filter>cpp\Escenas</Filter>
    </ClCompile>
    <ClCompile Include="VientoScene.cpp">
      <Filter>cpp\Escenas</Filter>
    </ClCompile>
    <ClCompile Include="MuelleForeGenerator.cpp">
      <Filter>cpp\Fuerzas</Filter>
    </ClCompile>
    <ClCompile Include="MuelleParticleGenerator.cpp">
      <Filter>cpp\Generadores</Filter>
    </ClCompile>
    <ClCompile Include="AnclaFG.cpp">
      <Filter>cpp\Fuerzas</Filter>
    </ClCompile>
    <ClCompile Include="AnclaScene.cpp">
      <Filter>cpp\Escenas</Filter>
    </ClCompile>
    <ClCompile Include="FlotacionForce.cpp">
      <Filter>cpp\Fuerzas</Filter>
    </ClCompile>
    <ClCompile Include="FlotacionScene.cpp">
      <Filter>cpp\Escenas</Filter>
    </ClCompile>
    <ClCompile Include="SolidScene.cpp">
      <Filter>cpp\Escenas</Filter>
    </ClCompile>
    <ClCompile Include="SolidoRigido.cpp">
      <Filter>cpp</Filter>
    </ClCompile>
    <ClCompile Include="Interactivo.cpp">
      <Filter>cpp</Filter>
    </ClCompile>
    <ClCompile Include="NivelFlotacion.cpp">
      <Filter>cpp\Niveles</Filter>
    </ClCompile>
    <ClCompile Include="NivelViento.cpp">
      <Filter>cpp\Niveles</Filter>
    </ClCompile>
    <ClCompile Include="VientoParticleGenerator.cpp">
      <Filter>cpp\Generadores</Filter>
    </ClCompile>
    <ClCompile Include="ParticleSystemViento.cpp">
      <Filter>cpp\Sistemas</Filter>
    </ClCompile>
  </ItemGroup>
  <ItemGroup>
    <ClInclude Include="Render\Camera.h">
      <Filter>Render</Filter>
    </ClInclude>
    <ClInclude Include="Render\Render.h">
      <Filter>Render</Filter>
    </ClInclude>
    <ClInclude Include="Particle.h">
      <Filter>h</Filter>
    </ClInclude>
    <ClInclude Include="Proyectil.h">
      <Filter>h</Filter>
    </ClInclude>
    <ClInclude Include="Scene.h">
      <Filter>h</Filter>
    </ClInclude>
    <ClInclude Include="ParticleSystem.h">
      <Filter>h</Filter>
    </ClInclude>
    <ClInclude Include="ParticleGenerator.h">
      <Filter>h</Filter>
    </ClInclude>
    <ClInclude Include="FuenteGenerator.h">
      <Filter>h\Generadores</Filter>
    </ClInclude>
    <ClInclude Include="FuegosArtificialesGenerator.h">
      <Filter>h\Generadores</Filter>
    </ClInclude>
    <ClInclude Include="HumoGenerator.h">
      <Filter>h\Generadores</Filter>
    </ClInclude>
    <ClInclude Include="ParticleSystemFuente.h">
      <Filter>h\Sistemas</Filter>
    </ClInclude>
    <ClInclude Include="ParticleSystemHumo.h">
      <Filter>h\Sistemas</Filter>
    </ClInclude>
    <ClInclude Include="ParticleSystemFuegosArt.h">
      <Filter>h\Sistemas</Filter>
    </ClInclude>
    <ClInclude Include="OriginFuegoGenerator.h">
      <Filter>h\Generadores</Filter>
    </ClInclude>
    <ClInclude Include="GameMachine.h">
      <Filter>h</Filter>
    </ClInclude>
    <ClInclude Include="ParticleScene.h">
      <Filter>h\Escenas</Filter>
    </ClInclude>
    <ClInclude Include="ForcesScene.h">
      <Filter>h\Escenas</Filter>
    </ClInclude>
    <ClInclude Include="ForceGenerator.h">
      <Filter>h</Filter>
    </ClInclude>
    <ClInclude Include="VientoGenerator.h">
      <Filter>h\Fuerzas</Filter>
    </ClInclude>
    <ClInclude Include="callbacks.hpp">
      <Filter>h\basics</Filter>
    </ClInclude>
    <ClInclude Include="core.hpp">
      <Filter>h\basics</Filter>
    </ClInclude>
    <ClInclude Include="RenderUtils.hpp">
      <Filter>h\basics</Filter>
    </ClInclude>
    <ClInclude Include="Vector3D.h">
      <Filter>h\basics</Filter>
    </ClInclude>
    <ClInclude Include="TorbellinoGenerator.h">
      <Filter>h\Fuerzas</Filter>
    </ClInclude>
    <ClInclude Include="ExplosionGenerator.h">
      <Filter>h\Fuerzas</Filter>
    </ClInclude>
    <ClInclude Include="VientoScene.h">
      <Filter>h\Escenas</Filter>
    </ClInclude>
    <ClInclude Include="TorbellinoScene.h">
      <Filter>h\Escenas</Filter>
    </ClInclude>
    <ClInclude Include="ExplosionScene.h">
      <Filter>h\Escenas</Filter>
    </ClInclude>
    <ClInclude Include="MuelleForeGenerator.h">
      <Filter>h\Fuerzas</Filter>
    </ClInclude>
    <ClInclude Include="MuelleParticleGenerator.h">
      <Filter>h\Generadores</Filter>
    </ClInclude>
    <ClInclude Include="AnclaFG.h">
      <Filter>h\Fuerzas</Filter>
    </ClInclude>
    <ClInclude Include="AnclaScene.h">
      <Filter>h\Escenas</Filter>
    </ClInclude>
    <ClInclude Include="FlotacionForce.h">
      <Filter>h\Fuerzas</Filter>
    </ClInclude>
    <ClInclude Include="FlotacionScene.h">
      <Filter>h\Escenas</Filter>
    </ClInclude>
    <ClInclude Include="SolidScene.h">
      <Filter>h\Escenas</Filter>
    </ClInclude>
    <ClInclude Include="SolidoRigido.h">
      <Filter>h</Filter>
    </ClInclude>
    <ClInclude Include="Interactivo.h">
      <Filter>h</Filter>
    </ClInclude>
    <ClInclude Include="Entidad.h">
      <Filter>h</Filter>
    </ClInclude>
    <ClInclude Include="NivelFlotacion.h">
      <Filter>h\Niveles</Filter>
    </ClInclude>
    <ClInclude Include="NivelViento.h">
      <Filter>h\Niveles</Filter>
    </ClInclude>
    <ClInclude Include="VientoParticleGenerator.h">
      <Filter>h\Generadores</Filter>
    </ClInclude>
    <ClInclude Include="ParticleSystemViento.h">
      <Filter>h\Sistemas</Filter>
    </ClInclude>
  </ItemGroup>
  <ItemGroup>
    <Filter Include="Render">
      <UniqueIdentifier>{d04b4f9f-5a69-465e-8070-25c6d0bcd3c2}</UniqueIdentifier>
    </Filter>
    <Filter Include="cpp">
      <UniqueIdentifier>{fa10e8b0-f29d-4de5-bbd0-0a03c1e70d5a}</UniqueIdentifier>
    </Filter>
    <Filter Include="h">
      <UniqueIdentifier>{ba19da9b-3524-422a-9092-acdb06216c55}</UniqueIdentifier>
    </Filter>
    <Filter Include="h\Generadores">
      <UniqueIdentifier>{8c8730b2-0fba-4f9f-a866-c9e8071d62be}</UniqueIdentifier>
    </Filter>
    <Filter Include="cpp\Generadores">
      <UniqueIdentifier>{6218cf6d-aafa-4de2-ae45-12cdd5685953}</UniqueIdentifier>
    </Filter>
    <Filter Include="h\Sistemas">
      <UniqueIdentifier>{a9cde469-89af-436a-86b5-9237382c5f04}</UniqueIdentifier>
    </Filter>
    <Filter Include="cpp\Sistemas">
      <UniqueIdentifier>{85731f64-0527-41bd-b4c9-4017dd461a52}</UniqueIdentifier>
    </Filter>
    <Filter Include="h\Escenas">
      <UniqueIdentifier>{94d6f9e3-a6f8-47db-b4f6-512d8fc85590}</UniqueIdentifier>
    </Filter>
    <Filter Include="cpp\Escenas">
      <UniqueIdentifier>{8b9ea9b0-8d3f-4313-b008-bbafa4ee270a}</UniqueIdentifier>
    </Filter>
    <Filter Include="cpp\Fuerzas">
      <UniqueIdentifier>{964a3a06-6991-48a3-9a42-1cf249cda8fc}</UniqueIdentifier>
    </Filter>
    <Filter Include="h\Fuerzas">
      <UniqueIdentifier>{de34cdef-8c2f-4bd9-b471-a5f573776e6c}</UniqueIdentifier>
    </Filter>
    <Filter Include="cpp\basics">
      <UniqueIdentifier>{381ea4a2-d0d1-4e8f-a96d-526f91e59bb8}</UniqueIdentifier>
    </Filter>
    <Filter Include="h\basics">
      <UniqueIdentifier>{e9defb86-1b85-4401-8939-cd383f4bf34a}</UniqueIdentifier>
    </Filter>
    <Filter Include="cpp\Niveles">
      <UniqueIdentifier>{e205c70e-49ca-4ff3-a5bf-047594c09256}</UniqueIdentifier>
    </Filter>
    <Filter Include="h\Niveles">
      <UniqueIdentifier>{cc6dbc6e-3b84-493d-956f-565c775977fd}</UniqueIdentifier>
    </Filter>
  </ItemGroup>
</Project>