<?xml version="1.0" encoding="utf-8"?>
<Project ToolsVersion="4.0" xmlns="http://schemas.microsoft.com/developer/msbuild/2003">
  <ItemGroup>
    <ClCompile Include="Render\Camera.cpp">
      <Filter>Render</Filter>
    </ClCompile>
    <ClCompile Include="Render\Render.cpp">
      <Filter>Render</Filter>
    </ClCompile>
    <ClCompile Include="callbacks.cpp">
      <Filter>cpp</Filter>
    </ClCompile>
    <ClCompile Include="main.cpp">
      <Filter>cpp</Filter>
    </ClCompile>
    <ClCompile Include="Particle.cpp">
      <Filter>cpp</Filter>
    </ClCompile>
    <ClCompile Include="RenderUtils.cpp">
      <Filter>cpp</Filter>
    </ClCompile>
    <ClCompile Include="Vector3D.cpp">
      <Filter>cpp</Filter>
    </ClCompile>
  </ItemGroup>
  <ItemGroup>
    <ClInclude Include="Render\Camera.h">
      <Filter>Render</Filter>
    </ClInclude>
    <ClInclude Include="Render\Render.h">
      <Filter>Render</Filter>
    </ClInclude>
    <ClInclude Include="callbacks.hpp">
      <Filter>h</Filter>
    </ClInclude>
    <ClInclude Include="core.hpp">
      <Filter>h</Filter>
    </ClInclude>
    <ClInclude Include="Particle.h">
      <Filter>h</Filter>
    </ClInclude>
    <ClInclude Include="RenderUtils.hpp">
      <Filter>h</Filter>
    </ClInclude>
    <ClInclude Include="Vector3D.h">
      <Filter>h</Filter>
    </ClInclude>
  </ItemGroup>
  <ItemGroup>
    <Filter Include="Render">
      <UniqueIdentifier>{d04b4f9f-5a69-465e-8070-25c6d0bcd3c2}</UniqueIdentifier>
    </Filter>
    <Filter Include="cpp">
      <UniqueIdentifier>{fa10e8b0-f29d-4de5-bbd0-0a03c1e70d5a}</UniqueIdentifier>
    </Filter>
    <Filter Include="h">
      <UniqueIdentifier>{ba19da9b-3524-422a-9092-acdb06216c55}</UniqueIdentifier>
    </Filter>
  </ItemGroup>
</Project>